<?xml version="1.0" encoding="utf-8"?>
<Project ToolsVersion="4.0" xmlns="http://schemas.microsoft.com/developer/msbuild/2003">
  <ItemGroup>
    <ClCompile Include="Assets.cpp" />
    <ClCompile Include="Game.cpp" />
    <ClCompile Include="Main.cpp" />
    <ClCompile Include="Renderer.cpp" />
    <ClCompile Include="Texture.cpp" />
    <ClCompile Include="Window.cpp" />
    <ClCompile Include="Actor.cpp">
      <Filter>Actors</Filter>
    </ClCompile>
    <ClCompile Include="Astroid.cpp">
      <Filter>Actors</Filter>
    </ClCompile>
    <ClCompile Include="Component.cpp">
      <Filter>Components</Filter>
    </ClCompile>
    <ClCompile Include="MoveComponent.cpp">
      <Filter>Components</Filter>
    </ClCompile>
    <ClCompile Include="Log.cpp">
      <Filter>Utilities</Filter>
    </ClCompile>
    <ClCompile Include="Timer.cpp">
      <Filter>Utilities</Filter>
    </ClCompile>
    <ClCompile Include="Vector2.cpp">
      <Filter>Utilities</Filter>
    </ClCompile>
    <ClCompile Include="Random.cpp">
      <Filter>Utilities</Filter>
    </ClCompile>
    <ClCompile Include="SpriteComponent.cpp">
      <Filter>Components</Filter>
    </ClCompile>
    <ClCompile Include="AnimSpriteComponent.cpp">
      <Filter>Components</Filter>
    </ClCompile>
    <ClCompile Include="BackgroundSpriteComponent.cpp">
      <Filter>Components</Filter>
    </ClCompile>
    <ClCompile Include="Rectangle.cpp">
      <Filter>Utilities</Filter>
    </ClCompile>
    <ClCompile Include="InputComponent.cpp">
      <Filter>Components</Filter>
    </ClCompile>
    <ClCompile Include="Ship.cpp">
      <Filter>Actors</Filter>
    </ClCompile>
    <ClCompile Include="CircleCollisionComponent.cpp">
      <Filter>Components</Filter>
    </ClCompile>
    <ClCompile Include="Laser.cpp">
      <Filter>Actors</Filter>
    </ClCompile>
  </ItemGroup>
  <ItemGroup>
    <ClInclude Include="Assets.h" />
    <ClInclude Include="Game.h" />
    <ClInclude Include="Renderer.h" />
    <ClInclude Include="Texture.h" />
    <ClInclude Include="Window.h" />
    <ClInclude Include="Actor.h">
      <Filter>Actors</Filter>
    </ClInclude>
    <ClInclude Include="Astroid.h">
      <Filter>Actors</Filter>
    </ClInclude>
    <ClInclude Include="Component.h">
      <Filter>Components</Filter>
    </ClInclude>
    <ClInclude Include="MoveComponent.h">
      <Filter>Components</Filter>
    </ClInclude>
    <ClInclude Include="Log.h">
      <Filter>Utilities</Filter>
    </ClInclude>
    <ClInclude Include="Timer.h">
      <Filter>Utilities</Filter>
    </ClInclude>
    <ClInclude Include="Vector2.h">
      <Filter>Utilities</Filter>
    </ClInclude>
    <ClInclude Include="Maths.h">
      <Filter>Utilities</Filter>
    </ClInclude>
    <ClInclude Include="Random.h">
      <Filter>Utilities</Filter>
    </ClInclude>
    <ClInclude Include="SpriteComponent.h">
      <Filter>Components</Filter>
    </ClInclude>
    <ClInclude Include="AnimSpriteComponent.h">
      <Filter>Components</Filter>
    </ClInclude>
    <ClInclude Include="BackgroundSpriteComponent.h">
      <Filter>Components</Filter>
    </ClInclude>
    <ClInclude Include="Rectangle.h">
      <Filter>Utilities</Filter>
    </ClInclude>
    <ClInclude Include="InputComponent.h">
      <Filter>Components</Filter>
    </ClInclude>
    <ClInclude Include="Ship.h">
      <Filter>Actors</Filter>
    </ClInclude>
    <ClInclude Include="CircleCollisionComponent.h">
      <Filter>Components</Filter>
    </ClInclude>
    <ClInclude Include="Laser.h">
      <Filter>Actors</Filter>
    </ClInclude>
  </ItemGroup>
  <ItemGroup>
    <Filter Include="Actors">
      <UniqueIdentifier>{4fce88f6-c71c-45f6-9c67-f292d112b08c}</UniqueIdentifier>
    </Filter>
    <Filter Include="Components">
      <UniqueIdentifier>{4760361a-2841-456c-9759-52b830cc8ac6}</UniqueIdentifier>
    </Filter>
    <Filter Include="Utilities">
      <UniqueIdentifier>{4321da52-f239-4a2c-a972-ee87af87b207}</UniqueIdentifier>
    </Filter>
  </ItemGroup>
</Project>